{
    "_meta": {
        "hash": {
            "sha256": "6ec56956f7d0f1d675ad65769723890eaf067c823592dbb0884a706d36d3c782"
        },
        "pipfile-spec": 6,
        "requires": {
            "python_version": "3.6"
        },
        "sources": [
            {
                "name": "pypi",
                "url": "https://pypi.org/simple",
                "verify_ssl": true
            }
        ]
    },
    "default": {
        "django-environ": {
            "hashes": [
                "sha256:510f8c9c1d0a38b0815f91504270c29440a0cf44fab07f55942fa8d31bbb9be6",
                "sha256:b3559a91439c9d774a9e0c1ced872364772c612cdf6dc919506a2b13f7a77225"
            ],
            "index": "pypi",
            "version": "==0.10.0"
        },
        "gunicorn": {
            "hashes": [
                "sha256:9dcc4547dbb1cb284accfb15ab5667a0e5d1881cc443e0677b4882a4067a807e",
                "sha256:e0a968b5ba15f8a328fdfd7ab1fcb5af4470c28aaf7e55df02a99bc13138e6e8"
            ],
            "index": "pypi",
            "version": "==20.1.0"
        },
        "setuptools": {
            "hashes": [
                "sha256:22c7348c6d2976a52632c67f7ab0cdf40147db7789f9aed18734643fe9cf3373",
                "sha256:4ce92f1e1f8f01233ee9952c04f6b81d1e02939d6e1b488428154974a4d0783e"
            ],
            "markers": "python_version >= '3.6'",
            "version": "==59.6.0"
        }
    },
    "develop": {}
}
